
Microsoft Visual Studio Solution File, Format Version 12.00
# Visual Studio 15
VisualStudioVersion = 15.0.28307.902
MinimumVisualStudioVersion = 10.0.40219.1
Project("{9A19103F-16F7-4668-BE54-9A1E7A4F7556}") = "OutReach.API", "OutReach.API\OutReach.API.csproj", "{B46C7E91-A0AE-4932-BC39-075E4AF88E16}"
EndProject
Project("{9A19103F-16F7-4668-BE54-9A1E7A4F7556}") = "OutReach.Library", "OutReach.Library\OutReach.Library.csproj", "{5C1850F3-D98E-4CA7-AAA4-31D24FAD0278}"
EndProject
Global
	GlobalSection(SolutionConfigurationPlatforms) = preSolution
		Debug|Any CPU = Debug|Any CPU
		Release|Any CPU = Release|Any CPU
	EndGlobalSection
	GlobalSection(ProjectConfigurationPlatforms) = postSolution
		{B46C7E91-A0AE-4932-BC39-075E4AF88E16}.Debug|Any CPU.ActiveCfg = Debug|Any CPU
		{B46C7E91-A0AE-4932-BC39-075E4AF88E16}.Debug|Any CPU.Build.0 = Debug|Any CPU
		{B46C7E91-A0AE-4932-BC39-075E4AF88E16}.Release|Any CPU.ActiveCfg = Release|Any CPU
		{B46C7E91-A0AE-4932-BC39-075E4AF88E16}.Release|Any CPU.Build.0 = Release|Any CPU
		{5C1850F3-D98E-4CA7-AAA4-31D24FAD0278}.Debug|Any CPU.ActiveCfg = Debug|Any CPU
		{5C1850F3-D98E-4CA7-AAA4-31D24FAD0278}.Debug|Any CPU.Build.0 = Debug|Any CPU
		{5C1850F3-D98E-4CA7-AAA4-31D24FAD0278}.Release|Any CPU.ActiveCfg = Release|Any CPU
		{5C1850F3-D98E-4CA7-AAA4-31D24FAD0278}.Release|Any CPU.Build.0 = Release|Any CPU
	EndGlobalSection
	GlobalSection(SolutionProperties) = preSolution
		HideSolutionNode = FALSE
	EndGlobalSection
	GlobalSection(ExtensibilityGlobals) = postSolution
		SolutionGuid = {48302400-531E-4965-92E7-BCC1D36FE934}
	EndGlobalSection
EndGlobal
